{
  "name": "notice",
  "version": "1.0.0",
  "lockfileVersion": 1,
  "requires": true,
  "dependencies": {
    "cron": {
      "version": "1.8.2",
      "resolved": "https://registry.npm.taobao.org/cron/download/cron-1.8.2.tgz",
      "integrity": "sha1-SsXjxVuowWPYTzQHvelGMtqDcM4=",
      "requires": {
        "moment-timezone": "^0.5.x"
      }
    },
    "emailjs": {
      "version": "3.4.0",
      "resolved": "https://registry.npm.taobao.org/emailjs/download/emailjs-3.4.0.tgz",
      "integrity": "sha1-NfMDi/5dwvMvxVg33/SYsJIJPMk="
    },
    "moment": {
      "version": "2.29.1",
      "resolved": "https://registry.npm.taobao.org/moment/download/moment-2.29.1.tgz?cache=0&sync_timestamp=1601983557585&other_urls=https%3A%2F%2Fregistry.npm.taobao.org%2Fmoment%2Fdownload%2Fmoment-2.29.1.tgz",
      "integrity": "sha1-sr52n6MZQL6e7qZGnAdeNQBvo9M="
    },
    "moment-timezone": {
      "version": "0.5.33",
      "resolved": "https://registry.npm.taobao.org/moment-timezone/download/moment-timezone-0.5.33.tgz?cache=0&sync_timestamp=1612595182581&other_urls=https%3A%2F%2Fregistry.npm.taobao.org%2Fmoment-timezone%2Fdownload%2Fmoment-timezone-0.5.33.tgz",
      "integrity": "sha1-slL9a7V/NBybWaWrYajlGnO70iw=",
      "requires": {
        "moment": ">= 2.9.0"
      }
    }
  }
}
